
Microsoft Visual Studio Solution File, Format Version 12.00
Project("{FAE04EC0-301F-11D3-BF4B-00C04F79EFBC}") = "CSharpLearning", "CSharpLearning\CSharpLearning.csproj", "{255925F9-E4C7-486D-ABE5-8672C6D934C9}"
EndProject
Project("{FAE04EC0-301F-11D3-BF4B-00C04F79EFBC}") = "DodoPizzaLearningTests", "DodoPizzaLearningTests\DodoPizzaLearningTests.csproj", "{57398A3B-CDC0-4A24-BA55-12087A735360}"
EndProject
Global
	GlobalSection(SolutionConfigurationPlatforms) = preSolution
		Debug|Any CPU = Debug|Any CPU
		Release|Any CPU = Release|Any CPU
	EndGlobalSection
	GlobalSection(ProjectConfigurationPlatforms) = postSolution
		{255925F9-E4C7-486D-ABE5-8672C6D934C9}.Debug|Any CPU.ActiveCfg = Debug|Any CPU
		{255925F9-E4C7-486D-ABE5-8672C6D934C9}.Debug|Any CPU.Build.0 = Debug|Any CPU
		{255925F9-E4C7-486D-ABE5-8672C6D934C9}.Release|Any CPU.ActiveCfg = Release|Any CPU
		{255925F9-E4C7-486D-ABE5-8672C6D934C9}.Release|Any CPU.Build.0 = Release|Any CPU
		{57398A3B-CDC0-4A24-BA55-12087A735360}.Debug|Any CPU.ActiveCfg = Debug|Any CPU
		{57398A3B-CDC0-4A24-BA55-12087A735360}.Debug|Any CPU.Build.0 = Debug|Any CPU
		{57398A3B-CDC0-4A24-BA55-12087A735360}.Release|Any CPU.ActiveCfg = Release|Any CPU
		{57398A3B-CDC0-4A24-BA55-12087A735360}.Release|Any CPU.Build.0 = Release|Any CPU
	EndGlobalSection
EndGlobal
